{
  "originHash" : "6d744e97240c250cc4f7a4122afb3dac1b35ca78e204b154a4f5b04cef443778",
  "pins" : [
    {
      "identity" : "range-slider",
      "kind" : "remoteSourceControl",
      "location" : "https://github.com/jackvdp/Range-Slider.git",
      "state" : {
        "branch" : "main",
        "revision" : "c1264f46ef316ec57331ec1b9d1d3d0af096bd8a"
      }
    }
  ],
  "version" : 3
}
